
Microsoft Visual Studio Solution File, Format Version 12.00
# Visual Studio Version 16
VisualStudioVersion = 16.0.29230.47
MinimumVisualStudioVersion = 10.0.40219.1
Project("{8BC9CEB8-8B4A-11D0-8D11-00A0C91BC942}") = "Lab 4", "Lab 4\Lab 4.vcxproj", "{B0B3AC84-A561-432F-8C86-F60F800E5D60}"
EndProject
Global
	GlobalSection(SolutionConfigurationPlatforms) = preSolution
		Debug|x64 = Debug|x64
		Debug|x86 = Debug|x86
		Release|x64 = Release|x64
		Release|x86 = Release|x86
	EndGlobalSection
	GlobalSection(ProjectConfigurationPlatforms) = postSolution
		{B0B3AC84-A561-432F-8C86-F60F800E5D60}.Debug|x64.ActiveCfg = Debug|x64
		{B0B3AC84-A561-432F-8C86-F60F800E5D60}.Debug|x64.Build.0 = Debug|x64
		{B0B3AC84-A561-432F-8C86-F60F800E5D60}.Debug|x86.ActiveCfg = Debug|Win32
		{B0B3AC84-A561-432F-8C86-F60F800E5D60}.Debug|x86.Build.0 = Debug|Win32
		{B0B3AC84-A561-432F-8C86-F60F800E5D60}.Release|x64.ActiveCfg = Release|x64
		{B0B3AC84-A561-432F-8C86-F60F800E5D60}.Release|x64.Build.0 = Release|x64
		{B0B3AC84-A561-432F-8C86-F60F800E5D60}.Release|x86.ActiveCfg = Release|Win32
		{B0B3AC84-A561-432F-8C86-F60F800E5D60}.Release|x86.Build.0 = Release|Win32
	EndGlobalSection
	GlobalSection(SolutionProperties) = preSolution
		HideSolutionNode = FALSE
	EndGlobalSection
	GlobalSection(ExtensibilityGlobals) = postSolution
		SolutionGuid = {4FFFA5E9-6080-406F-8B38-40FB33961D1F}
	EndGlobalSection
EndGlobal
